PODS:
  - Alamofire (4.5.0)
  - AlamofireImage (3.2.0):
    - Alamofire (~> 4.1)
  - Fontello-Swift/Entypo (1.2):
    - Fontello-Swift/Fontello
  - Fontello-Swift/Fontello (1.2)
  - Fontello-Swift/ModernPictograms (1.2):
    - Fontello-Swift/Fontello
  - OHHTTPStubs (6.0.0):
    - OHHTTPStubs/Default (= 6.0.0)
  - OHHTTPStubs/Core (6.0.0)
  - OHHTTPStubs/Default (6.0.0):
    - OHHTTPStubs/Core
    - OHHTTPStubs/JSON
    - OHHTTPStubs/NSURLSession
    - OHHTTPStubs/OHPathHelpers
  - OHHTTPStubs/JSON (6.0.0):
    - OHHTTPStubs/Core
  - OHHTTPStubs/NSURLSession (6.0.0):
    - OHHTTPStubs/Core
  - OHHTTPStubs/OHPathHelpers (6.0.0)
  - PromiseKit (4.3.2):
    - PromiseKit/Foundation (= 4.3.2)
    - PromiseKit/QuartzCore (= 4.3.2)
    - PromiseKit/UIKit (= 4.3.2)
  - PromiseKit/CorePromise (4.3.2)
  - PromiseKit/Foundation (4.3.2):
    - PromiseKit/CorePromise
  - PromiseKit/QuartzCore (4.3.2):
    - PromiseKit/CorePromise
  - PromiseKit/UIKit (4.3.2):
    - PromiseKit/CorePromise
  - RxAlamofire (3.0.3):
    - RxAlamofire/Core (= 3.0.3)
  - RxAlamofire/Core (3.0.3):
    - Alamofire (~> 4.0)
    - RxSwift (~> 3.0)
  - RxCocoa (3.6.1):
    - RxSwift (~> 3.6)
  - RxDataSources (1.0.4):
    - RxCocoa (~> 3.0)
    - RxSwift (~> 3.0)
  - RxSwift (3.6.1)
  - Sheriff (0.3.2)
  - XKPhotoScrollView (0.1.2)

DEPENDENCIES:
  - Alamofire
  - AlamofireImage (~> 3.1)
  - Fontello-Swift/Entypo
  - Fontello-Swift/ModernPictograms
  - OHHTTPStubs
  - PromiseKit
  - RxAlamofire
  - RxCocoa
  - RxDataSources
  - RxSwift
  - Sheriff (from `https://github.com/gemr/Sheriff.git`)
  - XKPhotoScrollView

EXTERNAL SOURCES:
  Sheriff:
    :git: https://github.com/gemr/Sheriff.git

CHECKOUT OPTIONS:
  Sheriff:
    :commit: f7a2598659703778be521232323ceb9d00ddcd14
    :git: https://github.com/gemr/Sheriff.git

SPEC CHECKSUMS:
  Alamofire: f28cdffd29de33a7bfa022cbd63ae95a27fae140
  AlamofireImage: 157ed682cc81d3b9db4fb90c1f12180ac552d93b
  Fontello-Swift: e36df108f387b8cea11ee833c4485363332119a0
  OHHTTPStubs: 752f9b11fd810a15162d50f11c06ff94f8e012eb
  PromiseKit: 32430ae679605b17c15d6193679cae7bf60147f7
  RxAlamofire: 5eb39188c4917ad98127c0ecb4878a61b7517003
  RxCocoa: 84a08739ab186248c7f31ce4ee92d6f8a947d690
  RxDataSources: b3389acc5fe2eefb8fcd81a2b76a876ad08bc82a
  RxSwift: f9de85ea20cd2f7716ee5409fc13523dc638e4e4
  Sheriff: d3d03fe6d35aa781e3f42d48f3fb53ed7d04958d
  XKPhotoScrollView: 53c6eb0dfbab9492934121de5c75acc02818bb72

PODFILE CHECKSUM: 136832e3afca206e7ad0362608b7112bbf457235

COCOAPODS: 1.2.0
