<?xml version="1.0" encoding="UTF-8"?>
<Scheme
   LastUpgradeVersion = "0810"
   version = "1.3">
   <BuildAction
      parallelizeBuildables = "YES"
      buildImplicitDependencies = "YES">
      <BuildActionEntries>
         <BuildActionEntry
            buildForTesting = "YES"
            buildForRunning = "YES"
            buildForProfiling = "YES"
            buildForArchiving = "YES"
            buildForAnalyzing = "YES">
            <BuildableReference
               BuildableIdentifier = "primary"
               BlueprintIdentifier = "AAD581F91E4FD2620072669C"
               BuildableName = "ING.Assignment.Watch.app"
               BlueprintName = "ING.Assignment.Watch"
               ReferencedContainer = "container:ING.Assignment.xcodeproj">
            </BuildableReference>
         </BuildActionEntry>
         <BuildActionEntry
            buildForTesting = "YES"
            buildForRunning = "YES"
            buildForProfiling = "YES"
            buildForArchiving = "YES"
            buildForAnalyzing = "YES">
            <BuildableReference
               BuildableIdentifier = "primary"
               BlueprintIdentifier = "AA0C492D1E4E403500D6E89B"
               BuildableName = "ING.Assignment.app"
               BlueprintName = "ING.Assignment"
               ReferencedContainer = "container:ING.Assignment.xcodeproj">
            </BuildableReference>
         </BuildActionEntry>
      </BuildActionEntries>
   </BuildAction>
   <TestAction
      buildConfiguration = "Debug"
      selectedDebuggerIdentifier = "Xcode.DebuggerFoundation.Debugger.LLDB"
      selectedLauncherIdentifier = "Xcode.DebuggerFoundation.Launcher.LLDB"
      shouldUseLaunchSchemeArgsEnv = "YES">
      <Testables>
      </Testables>
      <MacroExpansion>
         <BuildableReference
            BuildableIdentifier = "primary"
            BlueprintIdentifier = "AAD581F91E4FD2620072669C"
            BuildableName = "ING.Assignment.Watch.app"
            BlueprintName = "ING.Assignment.Watch"
            ReferencedContainer = "container:ING.Assignment.xcodeproj">
         </BuildableReference>
      </MacroExpansion>
      <AdditionalOptions>
      </AdditionalOptions>
   </TestAction>
   <LaunchAction
      buildConfiguration = "Debug"
      selectedDebuggerIdentifier = "Xcode.DebuggerFoundation.Debugger.LLDB"
      selectedLauncherIdentifier = "Xcode.DebuggerFoundation.Launcher.LLDB"
      launchStyle = "0"
      useCustomWorkingDirectory = "NO"
      ignoresPersistentStateOnLaunch = "NO"
      debugDocumentVersioning = "YES"
      debugServiceExtension = "internal"
      allowLocationSimulation = "YES"
      notificationPayloadFile = "ING.Assignment.Watch Extension/PushNotificationPayload.apns">
      <RemoteRunnable
         runnableDebuggingMode = "2"
         BundleIdentifier = "com.apple.carousel"
         RemotePath = "/ING.Assignment">
         <BuildableReference
            BuildableIdentifier = "primary"
            BlueprintIdentifier = "AAD581F91E4FD2620072669C"
            BuildableName = "ING.Assignment.Watch.app"
            BlueprintName = "ING.Assignment.Watch"
            ReferencedContainer = "container:ING.Assignment.xcodeproj">
         </BuildableReference>
      </RemoteRunnable>
      <MacroExpansion>
         <BuildableReference
            BuildableIdentifier = "primary"
            BlueprintIdentifier = "AAD581F91E4FD2620072669C"
            BuildableName = "ING.Assignment.Watch.app"
            BlueprintName = "ING.Assignment.Watch"
            ReferencedContainer = "container:ING.Assignment.xcodeproj">
         </BuildableReference>
      </MacroExpansion>
      <AdditionalOptions>
      </AdditionalOptions>
   </LaunchAction>
   <ProfileAction
      buildConfiguration = "Release"
      shouldUseLaunchSchemeArgsEnv = "YES"
      savedToolIdentifier = ""
      useCustomWorkingDirectory = "NO"
      debugDocumentVersioning = "YES">
      <RemoteRunnable
         runnableDebuggingMode = "2"
         BundleIdentifier = "com.apple.carousel"
         RemotePath = "/ING.Assignment">
         <BuildableReference
            BuildableIdentifier = "primary"
            BlueprintIdentifier = "AAD581F91E4FD2620072669C"
            BuildableName = "ING.Assignment.Watch.app"
            BlueprintName = "ING.Assignment.Watch"
            ReferencedContainer = "container:ING.Assignment.xcodeproj">
         </BuildableReference>
      </RemoteRunnable>
      <MacroExpansion>
         <BuildableReference
            BuildableIdentifier = "primary"
            BlueprintIdentifier = "AAD581F91E4FD2620072669C"
            BuildableName = "ING.Assignment.Watch.app"
            BlueprintName = "ING.Assignment.Watch"
            ReferencedContainer = "container:ING.Assignment.xcodeproj">
         </BuildableReference>
      </MacroExpansion>
   </ProfileAction>
   <AnalyzeAction
      buildConfiguration = "Debug">
   </AnalyzeAction>
   <ArchiveAction
      buildConfiguration = "Release"
      revealArchiveInOrganizer = "YES">
   </ArchiveAction>
</Scheme>
