// !$*UTF8*$!
{
	archiveVersion = 1;
	classes = {
	};
	objectVersion = 46;
	objects = {

/* Begin PBXBuildFile section */
		7F9D5CD1994FF8498391B29E /* Pods_ING_Assignment.framework in Frameworks */ = {isa = PBXBuildFile; fileRef = 72D63955697E338C72B043FB /* Pods_ING_Assignment.framework */; };
		AA0C49321E4E403500D6E89B /* AppDelegate.swift in Sources */ = {isa = PBXBuildFile; fileRef = AA0C49311E4E403500D6E89B /* AppDelegate.swift */; };
		AA0C49371E4E403500D6E89B /* Accounts.storyboard in Resources */ = {isa = PBXBuildFile; fileRef = AA0C49351E4E403500D6E89B /* Accounts.storyboard */; };
		AA0C49391E4E403500D6E89B /* Assets.xcassets in Resources */ = {isa = PBXBuildFile; fileRef = AA0C49381E4E403500D6E89B /* Assets.xcassets */; };
		AA0C493C1E4E403500D6E89B /* LaunchScreen.storyboard in Resources */ = {isa = PBXBuildFile; fileRef = AA0C493A1E4E403500D6E89B /* LaunchScreen.storyboard */; };
		AA0C49471E4E403500D6E89B /* ING_AssignmentTests.swift in Sources */ = {isa = PBXBuildFile; fileRef = AA0C49461E4E403500D6E89B /* ING_AssignmentTests.swift */; };
		AA0C49521E4E403500D6E89B /* ING_AssignmentUITests.swift in Sources */ = {isa = PBXBuildFile; fileRef = AA0C49511E4E403500D6E89B /* ING_AssignmentUITests.swift */; };
		AAB09D761E4E5338004D4EE5 /* AccountsVC.swift in Sources */ = {isa = PBXBuildFile; fileRef = AAB09D751E4E5338004D4EE5 /* AccountsVC.swift */; };
		AAB09D781E4E5468004D4EE5 /* ApiStub.swift in Sources */ = {isa = PBXBuildFile; fileRef = AAB09D771E4E5468004D4EE5 /* ApiStub.swift */; };
		AAB09D801E4E5475004D4EE5 /* AccountDTO.swift in Sources */ = {isa = PBXBuildFile; fileRef = AAB09D791E4E5475004D4EE5 /* AccountDTO.swift */; };
		AAB09D821E4E5475004D4EE5 /* ReturnCode.swift in Sources */ = {isa = PBXBuildFile; fileRef = AAB09D7C1E4E5475004D4EE5 /* ReturnCode.swift */; };
		AAB09D831E4E5475004D4EE5 /* AccountCurrency.swift in Sources */ = {isa = PBXBuildFile; fileRef = AAB09D7D1E4E5475004D4EE5 /* AccountCurrency.swift */; };
		AAB09D841E4E5475004D4EE5 /* AccountType.swift in Sources */ = {isa = PBXBuildFile; fileRef = AAB09D7E1E4E5475004D4EE5 /* AccountType.swift */; };
		AAB09D8A1E4E5600004D4EE5 /* Api.swift in Sources */ = {isa = PBXBuildFile; fileRef = AAB09D871E4E5600004D4EE5 /* Api.swift */; };
		AAB09D8C1E4E5600004D4EE5 /* UrlBuilder.swift in Sources */ = {isa = PBXBuildFile; fileRef = AAB09D891E4E5600004D4EE5 /* UrlBuilder.swift */; };
		AAB09D8E1E4E566E004D4EE5 /* GetAccountsSuccess.json in Resources */ = {isa = PBXBuildFile; fileRef = AAB09D8D1E4E566E004D4EE5 /* GetAccountsSuccess.json */; };
		AAB09D9D1E4E5C26004D4EE5 /* NSAttributedString.swift in Sources */ = {isa = PBXBuildFile; fileRef = AAB09D901E4E5C26004D4EE5 /* NSAttributedString.swift */; };
		AAB09D9E1E4E5C26004D4EE5 /* NSDate.swift in Sources */ = {isa = PBXBuildFile; fileRef = AAB09D911E4E5C26004D4EE5 /* NSDate.swift */; };
		AAB09D9F1E4E5C26004D4EE5 /* String.swift in Sources */ = {isa = PBXBuildFile; fileRef = AAB09D921E4E5C26004D4EE5 /* String.swift */; };
		AAB09DA01E4E5C26004D4EE5 /* UIButton.swift in Sources */ = {isa = PBXBuildFile; fileRef = AAB09D931E4E5C26004D4EE5 /* UIButton.swift */; };
		AAB09DA11E4E5C26004D4EE5 /* UIColor.swift in Sources */ = {isa = PBXBuildFile; fileRef = AAB09D941E4E5C26004D4EE5 /* UIColor.swift */; };
		AAB09DA31E4E5C26004D4EE5 /* UIImage.swift in Sources */ = {isa = PBXBuildFile; fileRef = AAB09D961E4E5C26004D4EE5 /* UIImage.swift */; };
		AAB09DA41E4E5C26004D4EE5 /* UIImageView.swift in Sources */ = {isa = PBXBuildFile; fileRef = AAB09D971E4E5C26004D4EE5 /* UIImageView.swift */; };
		AAB09DA61E4E5C26004D4EE5 /* UITableView.swift in Sources */ = {isa = PBXBuildFile; fileRef = AAB09D991E4E5C26004D4EE5 /* UITableView.swift */; };
		AAB09DA71E4E5C26004D4EE5 /* UIView.swift in Sources */ = {isa = PBXBuildFile; fileRef = AAB09D9A1E4E5C26004D4EE5 /* UIView.swift */; };
		AAB09DA81E4E5C26004D4EE5 /* UIViewController.swift in Sources */ = {isa = PBXBuildFile; fileRef = AAB09D9B1E4E5C26004D4EE5 /* UIViewController.swift */; };
		AAB09DAA1E4E6341004D4EE5 /* AccountSetDTO.swift in Sources */ = {isa = PBXBuildFile; fileRef = AAB09DA91E4E6341004D4EE5 /* AccountSetDTO.swift */; };
		AAB6282C1E4E4D270076B925 /* Podfile in Resources */ = {isa = PBXBuildFile; fileRef = AAB6282B1E4E4D270076B925 /* Podfile */; };
		AAD581E81E4E84350072669C /* AccountCell.swift in Sources */ = {isa = PBXBuildFile; fileRef = AAD581E71E4E84350072669C /* AccountCell.swift */; };
		AAD581EF1E4E882D0072669C /* UIFont.swift in Sources */ = {isa = PBXBuildFile; fileRef = AAD581EE1E4E882D0072669C /* UIFont.swift */; };
		AAD581F21E4E8A860072669C /* INGMeWeb-Bold.ttf in Resources */ = {isa = PBXBuildFile; fileRef = AAD581F01E4E8A860072669C /* INGMeWeb-Bold.ttf */; };
		AAD581F31E4E8A860072669C /* INGMeWeb-Regular.ttf in Resources */ = {isa = PBXBuildFile; fileRef = AAD581F11E4E8A860072669C /* INGMeWeb-Regular.ttf */; };
/* End PBXBuildFile section */

/* Begin PBXContainerItemProxy section */
		AA0C49431E4E403500D6E89B /* PBXContainerItemProxy */ = {
			isa = PBXContainerItemProxy;
			containerPortal = AA0C49261E4E403500D6E89B /* Project object */;
			proxyType = 1;
			remoteGlobalIDString = AA0C492D1E4E403500D6E89B;
			remoteInfo = ING.Assignment;
		};
		AA0C494E1E4E403500D6E89B /* PBXContainerItemProxy */ = {
			isa = PBXContainerItemProxy;
			containerPortal = AA0C49261E4E403500D6E89B /* Project object */;
			proxyType = 1;
			remoteGlobalIDString = AA0C492D1E4E403500D6E89B;
			remoteInfo = ING.Assignment;
		};
/* End PBXContainerItemProxy section */

/* Begin PBXFileReference section */
		1AFA208C337AC80648B4F5AB /* Pods-ING.Assignment.release.xcconfig */ = {isa = PBXFileReference; includeInIndex = 1; lastKnownFileType = text.xcconfig; name = "Pods-ING.Assignment.release.xcconfig"; path = "Pods/Target Support Files/Pods-ING.Assignment/Pods-ING.Assignment.release.xcconfig"; sourceTree = "<group>"; };
		429B9CA94CF6EDBDABF25046 /* Pods-ING.Assignment.debug.xcconfig */ = {isa = PBXFileReference; includeInIndex = 1; lastKnownFileType = text.xcconfig; name = "Pods-ING.Assignment.debug.xcconfig"; path = "Pods/Target Support Files/Pods-ING.Assignment/Pods-ING.Assignment.debug.xcconfig"; sourceTree = "<group>"; };
		72D63955697E338C72B043FB /* Pods_ING_Assignment.framework */ = {isa = PBXFileReference; explicitFileType = wrapper.framework; includeInIndex = 0; path = Pods_ING_Assignment.framework; sourceTree = BUILT_PRODUCTS_DIR; };
		AA0C492E1E4E403500D6E89B /* ING.Assignment.app */ = {isa = PBXFileReference; explicitFileType = wrapper.application; includeInIndex = 0; path = ING.Assignment.app; sourceTree = BUILT_PRODUCTS_DIR; };
		AA0C49311E4E403500D6E89B /* AppDelegate.swift */ = {isa = PBXFileReference; lastKnownFileType = sourcecode.swift; path = AppDelegate.swift; sourceTree = "<group>"; };
		AA0C49361E4E403500D6E89B /* Base */ = {isa = PBXFileReference; lastKnownFileType = file.storyboard; name = Base; path = Base.lproj/Accounts.storyboard; sourceTree = "<group>"; };
		AA0C49381E4E403500D6E89B /* Assets.xcassets */ = {isa = PBXFileReference; lastKnownFileType = folder.assetcatalog; path = Assets.xcassets; sourceTree = "<group>"; };
		AA0C493B1E4E403500D6E89B /* Base */ = {isa = PBXFileReference; lastKnownFileType = file.storyboard; name = Base; path = Base.lproj/LaunchScreen.storyboard; sourceTree = "<group>"; };
		AA0C493D1E4E403500D6E89B /* Info.plist */ = {isa = PBXFileReference; lastKnownFileType = text.plist.xml; path = Info.plist; sourceTree = "<group>"; };
		AA0C49421E4E403500D6E89B /* ING.AssignmentTests.xctest */ = {isa = PBXFileReference; explicitFileType = wrapper.cfbundle; includeInIndex = 0; path = ING.AssignmentTests.xctest; sourceTree = BUILT_PRODUCTS_DIR; };
		AA0C49461E4E403500D6E89B /* ING_AssignmentTests.swift */ = {isa = PBXFileReference; lastKnownFileType = sourcecode.swift; path = ING_AssignmentTests.swift; sourceTree = "<group>"; };
		AA0C49481E4E403500D6E89B /* Info.plist */ = {isa = PBXFileReference; lastKnownFileType = text.plist.xml; path = Info.plist; sourceTree = "<group>"; };
		AA0C494D1E4E403500D6E89B /* ING.AssignmentUITests.xctest */ = {isa = PBXFileReference; explicitFileType = wrapper.cfbundle; includeInIndex = 0; path = ING.AssignmentUITests.xctest; sourceTree = BUILT_PRODUCTS_DIR; };
		AA0C49511E4E403500D6E89B /* ING_AssignmentUITests.swift */ = {isa = PBXFileReference; lastKnownFileType = sourcecode.swift; path = ING_AssignmentUITests.swift; sourceTree = "<group>"; };
		AA0C49531E4E403500D6E89B /* Info.plist */ = {isa = PBXFileReference; lastKnownFileType = text.plist.xml; path = Info.plist; sourceTree = "<group>"; };
		AAB09D751E4E5338004D4EE5 /* AccountsVC.swift */ = {isa = PBXFileReference; fileEncoding = 4; lastKnownFileType = sourcecode.swift; name = AccountsVC.swift; path = ViewControllers/AccountsVC.swift; sourceTree = "<group>"; };
		AAB09D771E4E5468004D4EE5 /* ApiStub.swift */ = {isa = PBXFileReference; fileEncoding = 4; lastKnownFileType = sourcecode.swift; name = ApiStub.swift; path = JsonStubs/ApiStub.swift; sourceTree = "<group>"; };
		AAB09D791E4E5475004D4EE5 /* AccountDTO.swift */ = {isa = PBXFileReference; fileEncoding = 4; lastKnownFileType = sourcecode.swift; name = AccountDTO.swift; path = DataTransferObjects/AccountDTO.swift; sourceTree = "<group>"; };
		AAB09D7C1E4E5475004D4EE5 /* ReturnCode.swift */ = {isa = PBXFileReference; fileEncoding = 4; lastKnownFileType = sourcecode.swift; path = ReturnCode.swift; sourceTree = "<group>"; };
		AAB09D7D1E4E5475004D4EE5 /* AccountCurrency.swift */ = {isa = PBXFileReference; fileEncoding = 4; lastKnownFileType = sourcecode.swift; path = AccountCurrency.swift; sourceTree = "<group>"; };
		AAB09D7E1E4E5475004D4EE5 /* AccountType.swift */ = {isa = PBXFileReference; fileEncoding = 4; lastKnownFileType = sourcecode.swift; path = AccountType.swift; sourceTree = "<group>"; };
		AAB09D871E4E5600004D4EE5 /* Api.swift */ = {isa = PBXFileReference; fileEncoding = 4; lastKnownFileType = sourcecode.swift; name = Api.swift; path = WebApi/Api.swift; sourceTree = "<group>"; };
		AAB09D891E4E5600004D4EE5 /* UrlBuilder.swift */ = {isa = PBXFileReference; fileEncoding = 4; lastKnownFileType = sourcecode.swift; name = UrlBuilder.swift; path = WebApi/UrlBuilder.swift; sourceTree = "<group>"; };
		AAB09D8D1E4E566E004D4EE5 /* GetAccountsSuccess.json */ = {isa = PBXFileReference; fileEncoding = 4; lastKnownFileType = text.json; name = GetAccountsSuccess.json; path = JsonStubs/Accounts/GetAccountsSuccess.json; sourceTree = "<group>"; };
		AAB09D901E4E5C26004D4EE5 /* NSAttributedString.swift */ = {isa = PBXFileReference; fileEncoding = 4; lastKnownFileType = sourcecode.swift; name = NSAttributedString.swift; path = Extensions/NSAttributedString.swift; sourceTree = "<group>"; };
		AAB09D911E4E5C26004D4EE5 /* NSDate.swift */ = {isa = PBXFileReference; fileEncoding = 4; lastKnownFileType = sourcecode.swift; name = NSDate.swift; path = Extensions/NSDate.swift; sourceTree = "<group>"; };
		AAB09D921E4E5C26004D4EE5 /* String.swift */ = {isa = PBXFileReference; fileEncoding = 4; lastKnownFileType = sourcecode.swift; name = String.swift; path = Extensions/String.swift; sourceTree = "<group>"; };
		AAB09D931E4E5C26004D4EE5 /* UIButton.swift */ = {isa = PBXFileReference; fileEncoding = 4; lastKnownFileType = sourcecode.swift; name = UIButton.swift; path = Extensions/UIButton.swift; sourceTree = "<group>"; };
		AAB09D941E4E5C26004D4EE5 /* UIColor.swift */ = {isa = PBXFileReference; fileEncoding = 4; lastKnownFileType = sourcecode.swift; name = UIColor.swift; path = Extensions/UIColor.swift; sourceTree = "<group>"; };
		AAB09D961E4E5C26004D4EE5 /* UIImage.swift */ = {isa = PBXFileReference; fileEncoding = 4; lastKnownFileType = sourcecode.swift; name = UIImage.swift; path = Extensions/UIImage.swift; sourceTree = "<group>"; };
		AAB09D971E4E5C26004D4EE5 /* UIImageView.swift */ = {isa = PBXFileReference; fileEncoding = 4; lastKnownFileType = sourcecode.swift; name = UIImageView.swift; path = Extensions/UIImageView.swift; sourceTree = "<group>"; };
		AAB09D991E4E5C26004D4EE5 /* UITableView.swift */ = {isa = PBXFileReference; fileEncoding = 4; lastKnownFileType = sourcecode.swift; name = UITableView.swift; path = Extensions/UITableView.swift; sourceTree = "<group>"; };
		AAB09D9A1E4E5C26004D4EE5 /* UIView.swift */ = {isa = PBXFileReference; fileEncoding = 4; lastKnownFileType = sourcecode.swift; name = UIView.swift; path = Extensions/UIView.swift; sourceTree = "<group>"; };
		AAB09D9B1E4E5C26004D4EE5 /* UIViewController.swift */ = {isa = PBXFileReference; fileEncoding = 4; lastKnownFileType = sourcecode.swift; name = UIViewController.swift; path = Extensions/UIViewController.swift; sourceTree = "<group>"; };
		AAB09DA91E4E6341004D4EE5 /* AccountSetDTO.swift */ = {isa = PBXFileReference; fileEncoding = 4; lastKnownFileType = sourcecode.swift; name = AccountSetDTO.swift; path = DataTransferObjects/AccountSetDTO.swift; sourceTree = "<group>"; };
		AAB6282B1E4E4D270076B925 /* Podfile */ = {isa = PBXFileReference; fileEncoding = 4; lastKnownFileType = text; path = Podfile; sourceTree = "<group>"; xcLanguageSpecificationIdentifier = xcode.lang.ruby; };
		AAD581E71E4E84350072669C /* AccountCell.swift */ = {isa = PBXFileReference; fileEncoding = 4; lastKnownFileType = sourcecode.swift; name = AccountCell.swift; path = ViewControllers/Cells/AccountCell.swift; sourceTree = "<group>"; };
		AAD581EE1E4E882D0072669C /* UIFont.swift */ = {isa = PBXFileReference; fileEncoding = 4; lastKnownFileType = sourcecode.swift; name = UIFont.swift; path = Extensions/UIFont.swift; sourceTree = "<group>"; };
		AAD581F01E4E8A860072669C /* INGMeWeb-Bold.ttf */ = {isa = PBXFileReference; lastKnownFileType = file; name = "INGMeWeb-Bold.ttf"; path = "Assets/Fonts/INGMeWeb-Bold.ttf"; sourceTree = "<group>"; };
		AAD581F11E4E8A860072669C /* INGMeWeb-Regular.ttf */ = {isa = PBXFileReference; lastKnownFileType = file; name = "INGMeWeb-Regular.ttf"; path = "Assets/Fonts/INGMeWeb-Regular.ttf"; sourceTree = "<group>"; };
/* End PBXFileReference section */

/* Begin PBXFrameworksBuildPhase section */
		AA0C492B1E4E403500D6E89B /* Frameworks */ = {
			isa = PBXFrameworksBuildPhase;
			buildActionMask = 2147483647;
			files = (
				7F9D5CD1994FF8498391B29E /* Pods_ING_Assignment.framework in Frameworks */,
			);
			runOnlyForDeploymentPostprocessing = 0;
		};
		AA0C493F1E4E403500D6E89B /* Frameworks */ = {
			isa = PBXFrameworksBuildPhase;
			buildActionMask = 2147483647;
			files = (
			);
			runOnlyForDeploymentPostprocessing = 0;
		};
		AA0C494A1E4E403500D6E89B /* Frameworks */ = {
			isa = PBXFrameworksBuildPhase;
			buildActionMask = 2147483647;
			files = (
			);
			runOnlyForDeploymentPostprocessing = 0;
		};
/* End PBXFrameworksBuildPhase section */

/* Begin PBXGroup section */
		2CC150065970492A893772B2 /* Frameworks */ = {
			isa = PBXGroup;
			children = (
				72D63955697E338C72B043FB /* Pods_ING_Assignment.framework */,
			);
			name = Frameworks;
			sourceTree = "<group>";
		};
		AA0C49251E4E403500D6E89B = {
			isa = PBXGroup;
			children = (
				AAD581E91E4E87940072669C /* Fonts */,
				AAB6282B1E4E4D270076B925 /* Podfile */,
				AA0C49301E4E403500D6E89B /* ING.Assignment */,
				AA0C49451E4E403500D6E89B /* ING.AssignmentTests */,
				AA0C49501E4E403500D6E89B /* ING.AssignmentUITests */,
				AA0C492F1E4E403500D6E89B /* Products */,
				AA4B169AC52828754B2A3F3D /* Pods */,
				2CC150065970492A893772B2 /* Frameworks */,
			);
			sourceTree = "<group>";
		};
		AA0C492F1E4E403500D6E89B /* Products */ = {
			isa = PBXGroup;
			children = (
				AA0C492E1E4E403500D6E89B /* ING.Assignment.app */,
				AA0C49421E4E403500D6E89B /* ING.AssignmentTests.xctest */,
				AA0C494D1E4E403500D6E89B /* ING.AssignmentUITests.xctest */,
			);
			name = Products;
			sourceTree = "<group>";
		};
		AA0C49301E4E403500D6E89B /* ING.Assignment */ = {
			isa = PBXGroup;
			children = (
				AAB09D731E4E51D2004D4EE5 /* ApiStubs */,
				AAB09D721E4E51B5004D4EE5 /* DataTransferObjects */,
				AAB09D711E4E518D004D4EE5 /* WebApi */,
				AAB09D701E4E5183004D4EE5 /* Extensions */,
				AAB09D741E4E51F3004D4EE5 /* ViewControllers */,
				AA0C49311E4E403500D6E89B /* AppDelegate.swift */,
				AA0C49351E4E403500D6E89B /* Accounts.storyboard */,
				AA0C49381E4E403500D6E89B /* Assets.xcassets */,
				AA0C493A1E4E403500D6E89B /* LaunchScreen.storyboard */,
				AA0C493D1E4E403500D6E89B /* Info.plist */,
			);
			path = ING.Assignment;
			sourceTree = "<group>";
		};
		AA0C49451E4E403500D6E89B /* ING.AssignmentTests */ = {
			isa = PBXGroup;
			children = (
				AA0C49461E4E403500D6E89B /* ING_AssignmentTests.swift */,
				AA0C49481E4E403500D6E89B /* Info.plist */,
			);
			path = ING.AssignmentTests;
			sourceTree = "<group>";
		};
		AA0C49501E4E403500D6E89B /* ING.AssignmentUITests */ = {
			isa = PBXGroup;
			children = (
				AA0C49511E4E403500D6E89B /* ING_AssignmentUITests.swift */,
				AA0C49531E4E403500D6E89B /* Info.plist */,
			);
			path = ING.AssignmentUITests;
			sourceTree = "<group>";
		};
		AA4B169AC52828754B2A3F3D /* Pods */ = {
			isa = PBXGroup;
			children = (
				429B9CA94CF6EDBDABF25046 /* Pods-ING.Assignment.debug.xcconfig */,
				1AFA208C337AC80648B4F5AB /* Pods-ING.Assignment.release.xcconfig */,
			);
			name = Pods;
			sourceTree = "<group>";
		};
		AAB09D701E4E5183004D4EE5 /* Extensions */ = {
			isa = PBXGroup;
			children = (
				AAB09D901E4E5C26004D4EE5 /* NSAttributedString.swift */,
				AAB09D911E4E5C26004D4EE5 /* NSDate.swift */,
				AAB09D921E4E5C26004D4EE5 /* String.swift */,
				AAB09D931E4E5C26004D4EE5 /* UIButton.swift */,
				AAB09D941E4E5C26004D4EE5 /* UIColor.swift */,
				AAB09D961E4E5C26004D4EE5 /* UIImage.swift */,
				AAB09D971E4E5C26004D4EE5 /* UIImageView.swift */,
				AAB09D991E4E5C26004D4EE5 /* UITableView.swift */,
				AAB09D9A1E4E5C26004D4EE5 /* UIView.swift */,
				AAB09D9B1E4E5C26004D4EE5 /* UIViewController.swift */,
				AAD581EE1E4E882D0072669C /* UIFont.swift */,
			);
			name = Extensions;
			sourceTree = "<group>";
		};
		AAB09D711E4E518D004D4EE5 /* WebApi */ = {
			isa = PBXGroup;
			children = (
				AAB09D871E4E5600004D4EE5 /* Api.swift */,
				AAB09D891E4E5600004D4EE5 /* UrlBuilder.swift */,
			);
			name = WebApi;
			sourceTree = "<group>";
		};
		AAB09D721E4E51B5004D4EE5 /* DataTransferObjects */ = {
			isa = PBXGroup;
			children = (
				AAB09D7B1E4E5475004D4EE5 /* Enums */,
				AAB09D791E4E5475004D4EE5 /* AccountDTO.swift */,
				AAB09DA91E4E6341004D4EE5 /* AccountSetDTO.swift */,
			);
			name = DataTransferObjects;
			sourceTree = "<group>";
		};
		AAB09D731E4E51D2004D4EE5 /* ApiStubs */ = {
			isa = PBXGroup;
			children = (
				AAB09D8D1E4E566E004D4EE5 /* GetAccountsSuccess.json */,
				AAB09D771E4E5468004D4EE5 /* ApiStub.swift */,
			);
			name = ApiStubs;
			sourceTree = "<group>";
		};
		AAB09D741E4E51F3004D4EE5 /* ViewControllers */ = {
			isa = PBXGroup;
			children = (
				AAD581E61E4E84010072669C /* Cells */,
				AAB09D751E4E5338004D4EE5 /* AccountsVC.swift */,
			);
			name = ViewControllers;
			sourceTree = "<group>";
		};
		AAB09D7B1E4E5475004D4EE5 /* Enums */ = {
			isa = PBXGroup;
			children = (
				AAB09D7C1E4E5475004D4EE5 /* ReturnCode.swift */,
				AAB09D7D1E4E5475004D4EE5 /* AccountCurrency.swift */,
				AAB09D7E1E4E5475004D4EE5 /* AccountType.swift */,
			);
			name = Enums;
			path = DataTransferObjects/Enums;
			sourceTree = "<group>";
		};
		AAD581E61E4E84010072669C /* Cells */ = {
			isa = PBXGroup;
			children = (
				AAD581E71E4E84350072669C /* AccountCell.swift */,
			);
			name = Cells;
			sourceTree = "<group>";
		};
		AAD581E91E4E87940072669C /* Fonts */ = {
			isa = PBXGroup;
			children = (
				AAD581F01E4E8A860072669C /* INGMeWeb-Bold.ttf */,
				AAD581F11E4E8A860072669C /* INGMeWeb-Regular.ttf */,
			);
			name = Fonts;
			sourceTree = "<group>";
		};
/* End PBXGroup section */

/* Begin PBXNativeTarget section */
		AA0C492D1E4E403500D6E89B /* ING.Assignment */ = {
			isa = PBXNativeTarget;
			buildConfigurationList = AA0C49561E4E403500D6E89B /* Build configuration list for PBXNativeTarget "ING.Assignment" */;
			buildPhases = (
				2993ADC16DF4CA9C53008F55 /* [CP] Check Pods Manifest.lock */,
				AA0C492A1E4E403500D6E89B /* Sources */,
				AA0C492B1E4E403500D6E89B /* Frameworks */,
				AA0C492C1E4E403500D6E89B /* Resources */,
				162D68A99970EE0B307D8251 /* [CP] Embed Pods Frameworks */,
				58FDD54F5D3100C374118323 /* [CP] Copy Pods Resources */,
			);
			buildRules = (
			);
			dependencies = (
			);
			name = ING.Assignment;
			productName = ING.Assignment;
			productReference = AA0C492E1E4E403500D6E89B /* ING.Assignment.app */;
			productType = "com.apple.product-type.application";
		};
		AA0C49411E4E403500D6E89B /* ING.AssignmentTests */ = {
			isa = PBXNativeTarget;
			buildConfigurationList = AA0C49591E4E403500D6E89B /* Build configuration list for PBXNativeTarget "ING.AssignmentTests" */;
			buildPhases = (
				AA0C493E1E4E403500D6E89B /* Sources */,
				AA0C493F1E4E403500D6E89B /* Frameworks */,
				AA0C49401E4E403500D6E89B /* Resources */,
			);
			buildRules = (
			);
			dependencies = (
				AA0C49441E4E403500D6E89B /* PBXTargetDependency */,
			);
			name = ING.AssignmentTests;
			productName = ING.AssignmentTests;
			productReference = AA0C49421E4E403500D6E89B /* ING.AssignmentTests.xctest */;
			productType = "com.apple.product-type.bundle.unit-test";
		};
		AA0C494C1E4E403500D6E89B /* ING.AssignmentUITests */ = {
			isa = PBXNativeTarget;
			buildConfigurationList = AA0C495C1E4E403500D6E89B /* Build configuration list for PBXNativeTarget "ING.AssignmentUITests" */;
			buildPhases = (
				AA0C49491E4E403500D6E89B /* Sources */,
				AA0C494A1E4E403500D6E89B /* Frameworks */,
				AA0C494B1E4E403500D6E89B /* Resources */,
			);
			buildRules = (
			);
			dependencies = (
				AA0C494F1E4E403500D6E89B /* PBXTargetDependency */,
			);
			name = ING.AssignmentUITests;
			productName = ING.AssignmentUITests;
			productReference = AA0C494D1E4E403500D6E89B /* ING.AssignmentUITests.xctest */;
			productType = "com.apple.product-type.bundle.ui-testing";
		};
/* End PBXNativeTarget section */

/* Begin PBXProject section */
		AA0C49261E4E403500D6E89B /* Project object */ = {
			isa = PBXProject;
			attributes = {
				LastSwiftUpdateCheck = 0810;
				LastUpgradeCheck = 0810;
				ORGANIZATIONNAME = MBKO;
				TargetAttributes = {
					AA0C492D1E4E403500D6E89B = {
						CreatedOnToolsVersion = 8.1;
						DevelopmentTeam = A8QG7A34NG;
						ProvisioningStyle = Automatic;
					};
					AA0C49411E4E403500D6E89B = {
						CreatedOnToolsVersion = 8.1;
						DevelopmentTeam = A8QG7A34NG;
						ProvisioningStyle = Automatic;
						TestTargetID = AA0C492D1E4E403500D6E89B;
					};
					AA0C494C1E4E403500D6E89B = {
						CreatedOnToolsVersion = 8.1;
						DevelopmentTeam = A8QG7A34NG;
						ProvisioningStyle = Automatic;
						TestTargetID = AA0C492D1E4E403500D6E89B;
					};
				};
			};
			buildConfigurationList = AA0C49291E4E403500D6E89B /* Build configuration list for PBXProject "ING.Assignment" */;
			compatibilityVersion = "Xcode 3.2";
			developmentRegion = English;
			hasScannedForEncodings = 0;
			knownRegions = (
				en,
				Base,
			);
			mainGroup = AA0C49251E4E403500D6E89B;
			productRefGroup = AA0C492F1E4E403500D6E89B /* Products */;
			projectDirPath = "";
			projectRoot = "";
			targets = (
				AA0C492D1E4E403500D6E89B /* ING.Assignment */,
				AA0C49411E4E403500D6E89B /* ING.AssignmentTests */,
				AA0C494C1E4E403500D6E89B /* ING.AssignmentUITests */,
			);
		};
/* End PBXProject section */

/* Begin PBXResourcesBuildPhase section */
		AA0C492C1E4E403500D6E89B /* Resources */ = {
			isa = PBXResourcesBuildPhase;
			buildActionMask = 2147483647;
			files = (
				AA0C493C1E4E403500D6E89B /* LaunchScreen.storyboard in Resources */,
				AAD581F31E4E8A860072669C /* INGMeWeb-Regular.ttf in Resources */,
				AAD581F21E4E8A860072669C /* INGMeWeb-Bold.ttf in Resources */,
				AA0C49391E4E403500D6E89B /* Assets.xcassets in Resources */,
				AAB6282C1E4E4D270076B925 /* Podfile in Resources */,
				AA0C49371E4E403500D6E89B /* Accounts.storyboard in Resources */,
				AAB09D8E1E4E566E004D4EE5 /* GetAccountsSuccess.json in Resources */,
			);
			runOnlyForDeploymentPostprocessing = 0;
		};
		AA0C49401E4E403500D6E89B /* Resources */ = {
			isa = PBXResourcesBuildPhase;
			buildActionMask = 2147483647;
			files = (
			);
			runOnlyForDeploymentPostprocessing = 0;
		};
		AA0C494B1E4E403500D6E89B /* Resources */ = {
			isa = PBXResourcesBuildPhase;
			buildActionMask = 2147483647;
			files = (
			);
			runOnlyForDeploymentPostprocessing = 0;
		};
/* End PBXResourcesBuildPhase section */

/* Begin PBXShellScriptBuildPhase section */
		162D68A99970EE0B307D8251 /* [CP] Embed Pods Frameworks */ = {
			isa = PBXShellScriptBuildPhase;
			buildActionMask = 2147483647;
			files = (
			);
			inputPaths = (
			);
			name = "[CP] Embed Pods Frameworks";
			outputPaths = (
			);
			runOnlyForDeploymentPostprocessing = 0;
			shellPath = /bin/sh;
			shellScript = "\"${SRCROOT}/Pods/Target Support Files/Pods-ING.Assignment/Pods-ING.Assignment-frameworks.sh\"\n";
			showEnvVarsInLog = 0;
		};
		2993ADC16DF4CA9C53008F55 /* [CP] Check Pods Manifest.lock */ = {
			isa = PBXShellScriptBuildPhase;
			buildActionMask = 2147483647;
			files = (
			);
			inputPaths = (
			);
			name = "[CP] Check Pods Manifest.lock";
			outputPaths = (
			);
			runOnlyForDeploymentPostprocessing = 0;
			shellPath = /bin/sh;
			shellScript = "diff \"${PODS_ROOT}/../Podfile.lock\" \"${PODS_ROOT}/Manifest.lock\" > /dev/null\nif [ $? != 0 ] ; then\n    # print error to STDERR\n    echo \"error: The sandbox is not in sync with the Podfile.lock. Run 'pod install' or update your CocoaPods installation.\" >&2\n    exit 1\nfi\n";
			showEnvVarsInLog = 0;
		};
		58FDD54F5D3100C374118323 /* [CP] Copy Pods Resources */ = {
			isa = PBXShellScriptBuildPhase;
			buildActionMask = 2147483647;
			files = (
			);
			inputPaths = (
			);
			name = "[CP] Copy Pods Resources";
			outputPaths = (
			);
			runOnlyForDeploymentPostprocessing = 0;
			shellPath = /bin/sh;
			shellScript = "\"${SRCROOT}/Pods/Target Support Files/Pods-ING.Assignment/Pods-ING.Assignment-resources.sh\"\n";
			showEnvVarsInLog = 0;
		};
/* End PBXShellScriptBuildPhase section */

/* Begin PBXSourcesBuildPhase section */
		AA0C492A1E4E403500D6E89B /* Sources */ = {
			isa = PBXSourcesBuildPhase;
			buildActionMask = 2147483647;
			files = (
				AAB09DA01E4E5C26004D4EE5 /* UIButton.swift in Sources */,
				AAB09DA31E4E5C26004D4EE5 /* UIImage.swift in Sources */,
				AAB09D801E4E5475004D4EE5 /* AccountDTO.swift in Sources */,
				AAB09D761E4E5338004D4EE5 /* AccountsVC.swift in Sources */,
				AAB09DAA1E4E6341004D4EE5 /* AccountSetDTO.swift in Sources */,
				AAD581E81E4E84350072669C /* AccountCell.swift in Sources */,
				AAD581EF1E4E882D0072669C /* UIFont.swift in Sources */,
				AAB09DA81E4E5C26004D4EE5 /* UIViewController.swift in Sources */,
				AA0C49321E4E403500D6E89B /* AppDelegate.swift in Sources */,
				AAB09D9E1E4E5C26004D4EE5 /* NSDate.swift in Sources */,
				AAB09D831E4E5475004D4EE5 /* AccountCurrency.swift in Sources */,
				AAB09D841E4E5475004D4EE5 /* AccountType.swift in Sources */,
				AAB09D9D1E4E5C26004D4EE5 /* NSAttributedString.swift in Sources */,
				AAB09D821E4E5475004D4EE5 /* ReturnCode.swift in Sources */,
				AAB09DA11E4E5C26004D4EE5 /* UIColor.swift in Sources */,
				AAB09DA71E4E5C26004D4EE5 /* UIView.swift in Sources */,
				AAB09DA41E4E5C26004D4EE5 /* UIImageView.swift in Sources */,
				AAB09DA61E4E5C26004D4EE5 /* UITableView.swift in Sources */,
				AAB09D8C1E4E5600004D4EE5 /* UrlBuilder.swift in Sources */,
				AAB09D8A1E4E5600004D4EE5 /* Api.swift in Sources */,
				AAB09D9F1E4E5C26004D4EE5 /* String.swift in Sources */,
				AAB09D781E4E5468004D4EE5 /* ApiStub.swift in Sources */,
			);
			runOnlyForDeploymentPostprocessing = 0;
		};
		AA0C493E1E4E403500D6E89B /* Sources */ = {
			isa = PBXSourcesBuildPhase;
			buildActionMask = 2147483647;
			files = (
				AA0C49471E4E403500D6E89B /* ING_AssignmentTests.swift in Sources */,
			);
			runOnlyForDeploymentPostprocessing = 0;
		};
		AA0C49491E4E403500D6E89B /* Sources */ = {
			isa = PBXSourcesBuildPhase;
			buildActionMask = 2147483647;
			files = (
				AA0C49521E4E403500D6E89B /* ING_AssignmentUITests.swift in Sources */,
			);
			runOnlyForDeploymentPostprocessing = 0;
		};
/* End PBXSourcesBuildPhase section */

/* Begin PBXTargetDependency section */
		AA0C49441E4E403500D6E89B /* PBXTargetDependency */ = {
			isa = PBXTargetDependency;
			target = AA0C492D1E4E403500D6E89B /* ING.Assignment */;
			targetProxy = AA0C49431E4E403500D6E89B /* PBXContainerItemProxy */;
		};
		AA0C494F1E4E403500D6E89B /* PBXTargetDependency */ = {
			isa = PBXTargetDependency;
			target = AA0C492D1E4E403500D6E89B /* ING.Assignment */;
			targetProxy = AA0C494E1E4E403500D6E89B /* PBXContainerItemProxy */;
		};
/* End PBXTargetDependency section */

/* Begin PBXVariantGroup section */
		AA0C49351E4E403500D6E89B /* Accounts.storyboard */ = {
			isa = PBXVariantGroup;
			children = (
				AA0C49361E4E403500D6E89B /* Base */,
			);
			name = Accounts.storyboard;
			sourceTree = "<group>";
		};
		AA0C493A1E4E403500D6E89B /* LaunchScreen.storyboard */ = {
			isa = PBXVariantGroup;
			children = (
				AA0C493B1E4E403500D6E89B /* Base */,
			);
			name = LaunchScreen.storyboard;
			sourceTree = "<group>";
		};
/* End PBXVariantGroup section */

/* Begin XCBuildConfiguration section */
		AA0C49541E4E403500D6E89B /* Debug */ = {
			isa = XCBuildConfiguration;
			buildSettings = {
				ALWAYS_SEARCH_USER_PATHS = NO;
				CLANG_ANALYZER_NONNULL = YES;
				CLANG_CXX_LANGUAGE_STANDARD = "gnu++0x";
				CLANG_CXX_LIBRARY = "libc++";
				CLANG_ENABLE_MODULES = YES;
				CLANG_ENABLE_OBJC_ARC = YES;
				CLANG_WARN_BOOL_CONVERSION = YES;
				CLANG_WARN_CONSTANT_CONVERSION = YES;
				CLANG_WARN_DIRECT_OBJC_ISA_USAGE = YES_ERROR;
				CLANG_WARN_DOCUMENTATION_COMMENTS = YES;
				CLANG_WARN_EMPTY_BODY = YES;
				CLANG_WARN_ENUM_CONVERSION = YES;
				CLANG_WARN_INFINITE_RECURSION = YES;
				CLANG_WARN_INT_CONVERSION = YES;
				CLANG_WARN_OBJC_ROOT_CLASS = YES_ERROR;
				CLANG_WARN_SUSPICIOUS_MOVES = YES;
				CLANG_WARN_UNREACHABLE_CODE = YES;
				CLANG_WARN__DUPLICATE_METHOD_MATCH = YES;
				"CODE_SIGN_IDENTITY[sdk=iphoneos*]" = "iPhone Developer";
				COPY_PHASE_STRIP = NO;
				DEBUG_INFORMATION_FORMAT = dwarf;
				ENABLE_STRICT_OBJC_MSGSEND = YES;
				ENABLE_TESTABILITY = YES;
				GCC_C_LANGUAGE_STANDARD = gnu99;
				GCC_DYNAMIC_NO_PIC = NO;
				GCC_NO_COMMON_BLOCKS = YES;
				GCC_OPTIMIZATION_LEVEL = 0;
				GCC_PREPROCESSOR_DEFINITIONS = (
					"DEBUG=1",
					"$(inherited)",
				);
				GCC_WARN_64_TO_32_BIT_CONVERSION = YES;
				GCC_WARN_ABOUT_RETURN_TYPE = YES_ERROR;
				GCC_WARN_UNDECLARED_SELECTOR = YES;
				GCC_WARN_UNINITIALIZED_AUTOS = YES_AGGRESSIVE;
				GCC_WARN_UNUSED_FUNCTION = YES;
				GCC_WARN_UNUSED_VARIABLE = YES;
				IPHONEOS_DEPLOYMENT_TARGET = 10.1;
				MTL_ENABLE_DEBUG_INFO = YES;
				ONLY_ACTIVE_ARCH = YES;
				SDKROOT = iphoneos;
				SWIFT_ACTIVE_COMPILATION_CONDITIONS = DEBUG;
				SWIFT_OPTIMIZATION_LEVEL = "-Onone";
				TARGETED_DEVICE_FAMILY = "1,2";
			};
			name = Debug;
		};
		AA0C49551E4E403500D6E89B /* Release */ = {
			isa = XCBuildConfiguration;
			buildSettings = {
				ALWAYS_SEARCH_USER_PATHS = NO;
				CLANG_ANALYZER_NONNULL = YES;
				CLANG_CXX_LANGUAGE_STANDARD = "gnu++0x";
				CLANG_CXX_LIBRARY = "libc++";
				CLANG_ENABLE_MODULES = YES;
				CLANG_ENABLE_OBJC_ARC = YES;
				CLANG_WARN_BOOL_CONVERSION = YES;
				CLANG_WARN_CONSTANT_CONVERSION = YES;
				CLANG_WARN_DIRECT_OBJC_ISA_USAGE = YES_ERROR;
				CLANG_WARN_DOCUMENTATION_COMMENTS = YES;
				CLANG_WARN_EMPTY_BODY = YES;
				CLANG_WARN_ENUM_CONVERSION = YES;
				CLANG_WARN_INFINITE_RECURSION = YES;
				CLANG_WARN_INT_CONVERSION = YES;
				CLANG_WARN_OBJC_ROOT_CLASS = YES_ERROR;
				CLANG_WARN_SUSPICIOUS_MOVES = YES;
				CLANG_WARN_UNREACHABLE_CODE = YES;
				CLANG_WARN__DUPLICATE_METHOD_MATCH = YES;
				"CODE_SIGN_IDENTITY[sdk=iphoneos*]" = "iPhone Developer";
				COPY_PHASE_STRIP = NO;
				DEBUG_INFORMATION_FORMAT = "dwarf-with-dsym";
				ENABLE_NS_ASSERTIONS = NO;
				ENABLE_STRICT_OBJC_MSGSEND = YES;
				GCC_C_LANGUAGE_STANDARD = gnu99;
				GCC_NO_COMMON_BLOCKS = YES;
				GCC_WARN_64_TO_32_BIT_CONVERSION = YES;
				GCC_WARN_ABOUT_RETURN_TYPE = YES_ERROR;
				GCC_WARN_UNDECLARED_SELECTOR = YES;
				GCC_WARN_UNINITIALIZED_AUTOS = YES_AGGRESSIVE;
				GCC_WARN_UNUSED_FUNCTION = YES;
				GCC_WARN_UNUSED_VARIABLE = YES;
				IPHONEOS_DEPLOYMENT_TARGET = 10.1;
				MTL_ENABLE_DEBUG_INFO = NO;
				SDKROOT = iphoneos;
				SWIFT_OPTIMIZATION_LEVEL = "-Owholemodule";
				TARGETED_DEVICE_FAMILY = "1,2";
				VALIDATE_PRODUCT = YES;
			};
			name = Release;
		};
		AA0C49571E4E403500D6E89B /* Debug */ = {
			isa = XCBuildConfiguration;
			baseConfigurationReference = 429B9CA94CF6EDBDABF25046 /* Pods-ING.Assignment.debug.xcconfig */;
			buildSettings = {
				ASSETCATALOG_COMPILER_APPICON_NAME = AppIcon;
				DEVELOPMENT_TEAM = A8QG7A34NG;
				INFOPLIST_FILE = ING.Assignment/Info.plist;
				IPHONEOS_DEPLOYMENT_TARGET = 10.0;
				LD_RUNPATH_SEARCH_PATHS = "$(inherited) @executable_path/Frameworks";
				PRODUCT_BUNDLE_IDENTIFIER = "com.ING-Assignment";
				PRODUCT_NAME = "$(TARGET_NAME)";
				SWIFT_VERSION = 3.0;
				TARGETED_DEVICE_FAMILY = "1,2";
			};
			name = Debug;
		};
		AA0C49581E4E403500D6E89B /* Release */ = {
			isa = XCBuildConfiguration;
			baseConfigurationReference = 1AFA208C337AC80648B4F5AB /* Pods-ING.Assignment.release.xcconfig */;
			buildSettings = {
				ASSETCATALOG_COMPILER_APPICON_NAME = AppIcon;
				DEVELOPMENT_TEAM = A8QG7A34NG;
				INFOPLIST_FILE = ING.Assignment/Info.plist;
				IPHONEOS_DEPLOYMENT_TARGET = 10.0;
				LD_RUNPATH_SEARCH_PATHS = "$(inherited) @executable_path/Frameworks";
				PRODUCT_BUNDLE_IDENTIFIER = "com.ING-Assignment";
				PRODUCT_NAME = "$(TARGET_NAME)";
				SWIFT_VERSION = 3.0;
				TARGETED_DEVICE_FAMILY = "1,2";
			};
			name = Release;
		};
		AA0C495A1E4E403500D6E89B /* Debug */ = {
			isa = XCBuildConfiguration;
			buildSettings = {
				ALWAYS_EMBED_SWIFT_STANDARD_LIBRARIES = YES;
				BUNDLE_LOADER = "$(TEST_HOST)";
				DEVELOPMENT_TEAM = A8QG7A34NG;
				INFOPLIST_FILE = ING.AssignmentTests/Info.plist;
				LD_RUNPATH_SEARCH_PATHS = "$(inherited) @executable_path/Frameworks @loader_path/Frameworks";
				PRODUCT_BUNDLE_IDENTIFIER = "com.ING-AssignmentTests";
				PRODUCT_NAME = "$(TARGET_NAME)";
				SWIFT_VERSION = 3.0;
				TEST_HOST = "$(BUILT_PRODUCTS_DIR)/ING.Assignment.app/ING.Assignment";
			};
			name = Debug;
		};
		AA0C495B1E4E403500D6E89B /* Release */ = {
			isa = XCBuildConfiguration;
			buildSettings = {
				ALWAYS_EMBED_SWIFT_STANDARD_LIBRARIES = YES;
				BUNDLE_LOADER = "$(TEST_HOST)";
				DEVELOPMENT_TEAM = A8QG7A34NG;
				INFOPLIST_FILE = ING.AssignmentTests/Info.plist;
				LD_RUNPATH_SEARCH_PATHS = "$(inherited) @executable_path/Frameworks @loader_path/Frameworks";
				PRODUCT_BUNDLE_IDENTIFIER = "com.ING-AssignmentTests";
				PRODUCT_NAME = "$(TARGET_NAME)";
				SWIFT_VERSION = 3.0;
				TEST_HOST = "$(BUILT_PRODUCTS_DIR)/ING.Assignment.app/ING.Assignment";
			};
			name = Release;
		};
		AA0C495D1E4E403500D6E89B /* Debug */ = {
			isa = XCBuildConfiguration;
			buildSettings = {
				ALWAYS_EMBED_SWIFT_STANDARD_LIBRARIES = YES;
				DEVELOPMENT_TEAM = A8QG7A34NG;
				INFOPLIST_FILE = ING.AssignmentUITests/Info.plist;
				LD_RUNPATH_SEARCH_PATHS = "$(inherited) @executable_path/Frameworks @loader_path/Frameworks";
				PRODUCT_BUNDLE_IDENTIFIER = "com.ING-AssignmentUITests";
				PRODUCT_NAME = "$(TARGET_NAME)";
				SWIFT_VERSION = 3.0;
				TEST_TARGET_NAME = ING.Assignment;
			};
			name = Debug;
		};
		AA0C495E1E4E403500D6E89B /* Release */ = {
			isa = XCBuildConfiguration;
			buildSettings = {
				ALWAYS_EMBED_SWIFT_STANDARD_LIBRARIES = YES;
				DEVELOPMENT_TEAM = A8QG7A34NG;
				INFOPLIST_FILE = ING.AssignmentUITests/Info.plist;
				LD_RUNPATH_SEARCH_PATHS = "$(inherited) @executable_path/Frameworks @loader_path/Frameworks";
				PRODUCT_BUNDLE_IDENTIFIER = "com.ING-AssignmentUITests";
				PRODUCT_NAME = "$(TARGET_NAME)";
				SWIFT_VERSION = 3.0;
				TEST_TARGET_NAME = ING.Assignment;
			};
			name = Release;
		};
/* End XCBuildConfiguration section */

/* Begin XCConfigurationList section */
		AA0C49291E4E403500D6E89B /* Build configuration list for PBXProject "ING.Assignment" */ = {
			isa = XCConfigurationList;
			buildConfigurations = (
				AA0C49541E4E403500D6E89B /* Debug */,
				AA0C49551E4E403500D6E89B /* Release */,
			);
			defaultConfigurationIsVisible = 0;
			defaultConfigurationName = Release;
		};
		AA0C49561E4E403500D6E89B /* Build configuration list for PBXNativeTarget "ING.Assignment" */ = {
			isa = XCConfigurationList;
			buildConfigurations = (
				AA0C49571E4E403500D6E89B /* Debug */,
				AA0C49581E4E403500D6E89B /* Release */,
			);
			defaultConfigurationIsVisible = 0;
			defaultConfigurationName = Release;
		};
		AA0C49591E4E403500D6E89B /* Build configuration list for PBXNativeTarget "ING.AssignmentTests" */ = {
			isa = XCConfigurationList;
			buildConfigurations = (
				AA0C495A1E4E403500D6E89B /* Debug */,
				AA0C495B1E4E403500D6E89B /* Release */,
			);
			defaultConfigurationIsVisible = 0;
			defaultConfigurationName = Release;
		};
		AA0C495C1E4E403500D6E89B /* Build configuration list for PBXNativeTarget "ING.AssignmentUITests" */ = {
			isa = XCConfigurationList;
			buildConfigurations = (
				AA0C495D1E4E403500D6E89B /* Debug */,
				AA0C495E1E4E403500D6E89B /* Release */,
			);
			defaultConfigurationIsVisible = 0;
			defaultConfigurationName = Release;
		};
/* End XCConfigurationList section */
	};
	rootObject = AA0C49261E4E403500D6E89B /* Project object */;
}
